PODS:
  - KASeparatorLine (1.0)
  - MASShortcut (2.4.0)
  - SAMKeychain (1.5.3)
  - StartAtLoginController (0.0.1)

DEPENDENCIES:
  - KASeparatorLine (~> 1.0)
  - MASShortcut
  - SAMKeychain
  - StartAtLoginController

SPEC REPOS:
  https://github.com/cocoapods/specs.git:
    - KASeparatorLine
    - MASShortcut
    - SAMKeychain
    - StartAtLoginController

SPEC CHECKSUMS:
  KASeparatorLine: fb9f6a376f8e9a1cefd7b7b5867c51a45d012013
  MASShortcut: d9e4909e878661cc42877cc9d6efbe638273ab57
  SAMKeychain: 483e1c9f32984d50ca961e26818a534283b4cd5c
  StartAtLoginController: 9ff14295bab38f7cba164a838349f6c0a2d83020

PODFILE CHECKSUM: 64084f1fb777e4935297082664786050b7d37146

COCOAPODS: 1.7.5
